PODS:
  - AEOTPTextField (1.2.6)
  - Alamofire (5.7.1)
  - Hex (6.1.0)
  - SnapKit (5.6.0)

DEPENDENCIES:
  - AEOTPTextField
  - Alamofire
  - Hex
  - SnapKit

SPEC REPOS:
  trunk:
    - AEOTPTextField
    - Alamofire
    - Hex
    - SnapKit

SPEC CHECKSUMS:
  AEOTPTextField: a275823fde05601c5da7f8fb66aaecb41289b370
  Alamofire: 0123a34370cb170936ae79a8df46cc62b2edeb88
  Hex: 2f67dd0cbb178cb24992e7529b025b8d16ff0bdc
  SnapKit: e01d52ebb8ddbc333eefe2132acf85c8227d9c25

PODFILE CHECKSUM: 0b984b3621f77e113e04407f6bfc2b277aa0db20

COCOAPODS: 1.11.3
