// !$*UTF8*$!
{
	archiveVersion = 1;
	classes = {
	};
	objectVersion = 56;
	objects = {

/* Begin PBXBuildFile section */
		325A4B402A4DB2A80047C1DA /* AppDelegate.swift in Sources */ = {isa = PBXBuildFile; fileRef = 325A4B3F2A4DB2A80047C1DA /* AppDelegate.swift */; };
		325A4B422A4DB2A80047C1DA /* SceneDelegate.swift in Sources */ = {isa = PBXBuildFile; fileRef = 325A4B412A4DB2A80047C1DA /* SceneDelegate.swift */; };
		325A4B492A4DB2A90047C1DA /* Assets.xcassets in Resources */ = {isa = PBXBuildFile; fileRef = 325A4B482A4DB2A90047C1DA /* Assets.xcassets */; };
		328A9E372A4DB6ED007AE4DE /* MainTabBarController.swift in Sources */ = {isa = PBXBuildFile; fileRef = 328A9E362A4DB6ED007AE4DE /* MainTabBarController.swift */; };
		328A9E3A2A4DB8CC007AE4DE /* SignUpViewController.swift in Sources */ = {isa = PBXBuildFile; fileRef = 328A9E392A4DB8CC007AE4DE /* SignUpViewController.swift */; };
		328A9E3C2A4DB8D6007AE4DE /* SignUpPresenter.swift in Sources */ = {isa = PBXBuildFile; fileRef = 328A9E3B2A4DB8D6007AE4DE /* SignUpPresenter.swift */; };
		328A9E3E2A4DB8DE007AE4DE /* SignUpInteractor.swift in Sources */ = {isa = PBXBuildFile; fileRef = 328A9E3D2A4DB8DE007AE4DE /* SignUpInteractor.swift */; };
		328A9E402A4DB8E4007AE4DE /* SignUpModuleBuilder.swift in Sources */ = {isa = PBXBuildFile; fileRef = 328A9E3F2A4DB8E4007AE4DE /* SignUpModuleBuilder.swift */; };
		328A9E422A4DB8E9007AE4DE /* SignUpRouter.swift in Sources */ = {isa = PBXBuildFile; fileRef = 328A9E412A4DB8E9007AE4DE /* SignUpRouter.swift */; };
		328A9E442A4DB8EE007AE4DE /* SignUpProtocols.swift in Sources */ = {isa = PBXBuildFile; fileRef = 328A9E432A4DB8EE007AE4DE /* SignUpProtocols.swift */; };
		328CF8782A4EC42800129CE5 /* User.swift in Sources */ = {isa = PBXBuildFile; fileRef = 328CF8772A4EC42800129CE5 /* User.swift */; };
		328CF87A2A4EC47900129CE5 /* UserType.swift in Sources */ = {isa = PBXBuildFile; fileRef = 328CF8792A4EC47900129CE5 /* UserType.swift */; };
		328CF87C2A4EC72500129CE5 /* Errors.swift in Sources */ = {isa = PBXBuildFile; fileRef = 328CF87B2A4EC72500129CE5 /* Errors.swift */; };
		328CF87E2A4EC74300129CE5 /* ErrorMessages.swift in Sources */ = {isa = PBXBuildFile; fileRef = 328CF87D2A4EC74300129CE5 /* ErrorMessages.swift */; };
		328CF8802A4EC7C600129CE5 /* ErrorModel.swift in Sources */ = {isa = PBXBuildFile; fileRef = 328CF87F2A4EC7C600129CE5 /* ErrorModel.swift */; };
		328CF8832A4ECD2D00129CE5 /* SignInViewController.swift in Sources */ = {isa = PBXBuildFile; fileRef = 328CF8822A4ECD2D00129CE5 /* SignInViewController.swift */; };
		328CF8852A4ECD3100129CE5 /* SignInPresenter.swift in Sources */ = {isa = PBXBuildFile; fileRef = 328CF8842A4ECD3100129CE5 /* SignInPresenter.swift */; };
		328CF8872A4ECD3700129CE5 /* SignInInteractor.swift in Sources */ = {isa = PBXBuildFile; fileRef = 328CF8862A4ECD3600129CE5 /* SignInInteractor.swift */; };
		328CF8892A4ECD3C00129CE5 /* SignInRouter.swift in Sources */ = {isa = PBXBuildFile; fileRef = 328CF8882A4ECD3C00129CE5 /* SignInRouter.swift */; };
		328CF88B2A4ECD4100129CE5 /* SignInModuleBuilder.swift in Sources */ = {isa = PBXBuildFile; fileRef = 328CF88A2A4ECD4100129CE5 /* SignInModuleBuilder.swift */; };
		328CF88D2A4ECD4700129CE5 /* SignInProtocols.swift in Sources */ = {isa = PBXBuildFile; fileRef = 328CF88C2A4ECD4700129CE5 /* SignInProtocols.swift */; };
		328CF88F2A4ECFA400129CE5 /* AppCoordinator.swift in Sources */ = {isa = PBXBuildFile; fileRef = 328CF88E2A4ECFA400129CE5 /* AppCoordinator.swift */; };
		328CF8922A4EDDD800129CE5 /* OrdersViewController.swift in Sources */ = {isa = PBXBuildFile; fileRef = 328CF8912A4EDDD800129CE5 /* OrdersViewController.swift */; };
		328CF8942A4EDDDE00129CE5 /* OrdersPresenter.swift in Sources */ = {isa = PBXBuildFile; fileRef = 328CF8932A4EDDDE00129CE5 /* OrdersPresenter.swift */; };
		328CF8962A4EDDE300129CE5 /* OrdersInteractor.swift in Sources */ = {isa = PBXBuildFile; fileRef = 328CF8952A4EDDE300129CE5 /* OrdersInteractor.swift */; };
		328CF8982A4EDDE900129CE5 /* OrdersModuleBuilder.swift in Sources */ = {isa = PBXBuildFile; fileRef = 328CF8972A4EDDE900129CE5 /* OrdersModuleBuilder.swift */; };
		328CF89A2A4EDDF100129CE5 /* OrdersProtocols.swift in Sources */ = {isa = PBXBuildFile; fileRef = 328CF8992A4EDDF100129CE5 /* OrdersProtocols.swift */; };
		328CF89C2A4EDDF600129CE5 /* OrdersRouter.swift in Sources */ = {isa = PBXBuildFile; fileRef = 328CF89B2A4EDDF600129CE5 /* OrdersRouter.swift */; };
		328CF89F2A4EDF2200129CE5 /* OrderCell.swift in Sources */ = {isa = PBXBuildFile; fileRef = 328CF89E2A4EDF2200129CE5 /* OrderCell.swift */; };
		32BA81FB2A51600D007BC174 /* GoogleService-Info.plist in Resources */ = {isa = PBXBuildFile; fileRef = 32BA81FA2A51600D007BC174 /* GoogleService-Info.plist */; };
		32BA81FE2A51609F007BC174 /* FirebaseAnalytics in Frameworks */ = {isa = PBXBuildFile; productRef = 32BA81FD2A51609F007BC174 /* FirebaseAnalytics */; };
		32BA82002A51609F007BC174 /* FirebaseAuth in Frameworks */ = {isa = PBXBuildFile; productRef = 32BA81FF2A51609F007BC174 /* FirebaseAuth */; };
		32BA82022A51609F007BC174 /* FirebaseDatabase in Frameworks */ = {isa = PBXBuildFile; productRef = 32BA82012A51609F007BC174 /* FirebaseDatabase */; };
		32BA82042A51609F007BC174 /* FirebaseDatabaseSwift in Frameworks */ = {isa = PBXBuildFile; productRef = 32BA82032A51609F007BC174 /* FirebaseDatabaseSwift */; };
		32BA82062A51609F007BC174 /* FirebaseFirestore in Frameworks */ = {isa = PBXBuildFile; productRef = 32BA82052A51609F007BC174 /* FirebaseFirestore */; };
		32BA82082A51609F007BC174 /* FirebaseFirestoreSwift in Frameworks */ = {isa = PBXBuildFile; productRef = 32BA82072A51609F007BC174 /* FirebaseFirestoreSwift */; };
		32BA820A2A51609F007BC174 /* FirebaseInAppMessaging-Beta in Frameworks */ = {isa = PBXBuildFile; productRef = 32BA82092A51609F007BC174 /* FirebaseInAppMessaging-Beta */; };
		32BA820C2A51609F007BC174 /* FirebaseInAppMessagingSwift-Beta in Frameworks */ = {isa = PBXBuildFile; productRef = 32BA820B2A51609F007BC174 /* FirebaseInAppMessagingSwift-Beta */; };
		32BA820E2A51609F007BC174 /* FirebaseMessaging in Frameworks */ = {isa = PBXBuildFile; productRef = 32BA820D2A51609F007BC174 /* FirebaseMessaging */; };
		32BA82102A51609F007BC174 /* FirebaseStorage in Frameworks */ = {isa = PBXBuildFile; productRef = 32BA820F2A51609F007BC174 /* FirebaseStorage */; };
		32C161222A4FEC0B00034807 /* DetailedOrderViewController.swift in Sources */ = {isa = PBXBuildFile; fileRef = 32C161212A4FEC0B00034807 /* DetailedOrderViewController.swift */; };
		32C161242A4FEC1100034807 /* DetailedOrderPresenter.swift in Sources */ = {isa = PBXBuildFile; fileRef = 32C161232A4FEC1100034807 /* DetailedOrderPresenter.swift */; };
		32C161262A4FEC1600034807 /* DetailedOrderInteractor.swift in Sources */ = {isa = PBXBuildFile; fileRef = 32C161252A4FEC1600034807 /* DetailedOrderInteractor.swift */; };
		32C161282A4FEC1B00034807 /* DetailedOrderRouter.swift in Sources */ = {isa = PBXBuildFile; fileRef = 32C161272A4FEC1B00034807 /* DetailedOrderRouter.swift */; };
		32C1612A2A4FEC2100034807 /* DetailedOrderModuleBuilder.swift in Sources */ = {isa = PBXBuildFile; fileRef = 32C161292A4FEC2100034807 /* DetailedOrderModuleBuilder.swift */; };
		32C1612C2A4FEC2500034807 /* DetailedOrderProtocols.swift in Sources */ = {isa = PBXBuildFile; fileRef = 32C1612B2A4FEC2500034807 /* DetailedOrderProtocols.swift */; };
		32EBEB8C2A4E8BB20051E966 /* Roboto-Medium.ttf in Resources */ = {isa = PBXBuildFile; fileRef = 32EBEB802A4E8BB20051E966 /* Roboto-Medium.ttf */; };
		32EBEB8D2A4E8BB20051E966 /* Roboto-BoldItalic.ttf in Resources */ = {isa = PBXBuildFile; fileRef = 32EBEB812A4E8BB20051E966 /* Roboto-BoldItalic.ttf */; };
		32EBEB8E2A4E8BB20051E966 /* Roboto-Bold.ttf in Resources */ = {isa = PBXBuildFile; fileRef = 32EBEB822A4E8BB20051E966 /* Roboto-Bold.ttf */; };
		32EBEB8F2A4E8BB20051E966 /* Roboto-Light.ttf in Resources */ = {isa = PBXBuildFile; fileRef = 32EBEB832A4E8BB20051E966 /* Roboto-Light.ttf */; };
		32EBEB902A4E8BB20051E966 /* Roboto-Italic.ttf in Resources */ = {isa = PBXBuildFile; fileRef = 32EBEB842A4E8BB20051E966 /* Roboto-Italic.ttf */; };
		32EBEB912A4E8BB20051E966 /* Roboto-Regular.ttf in Resources */ = {isa = PBXBuildFile; fileRef = 32EBEB852A4E8BB20051E966 /* Roboto-Regular.ttf */; };
		32EBEB922A4E8BB20051E966 /* Roboto-ThinItalic.ttf in Resources */ = {isa = PBXBuildFile; fileRef = 32EBEB862A4E8BB20051E966 /* Roboto-ThinItalic.ttf */; };
		32EBEB932A4E8BB20051E966 /* Roboto-LightItalic.ttf in Resources */ = {isa = PBXBuildFile; fileRef = 32EBEB872A4E8BB20051E966 /* Roboto-LightItalic.ttf */; };
		32EBEB942A4E8BB20051E966 /* Roboto-MediumItalic.ttf in Resources */ = {isa = PBXBuildFile; fileRef = 32EBEB882A4E8BB20051E966 /* Roboto-MediumItalic.ttf */; };
		32EBEB952A4E8BB20051E966 /* Roboto-BlackItalic.ttf in Resources */ = {isa = PBXBuildFile; fileRef = 32EBEB892A4E8BB20051E966 /* Roboto-BlackItalic.ttf */; };
		32EBEB962A4E8BB20051E966 /* Roboto-Thin.ttf in Resources */ = {isa = PBXBuildFile; fileRef = 32EBEB8A2A4E8BB20051E966 /* Roboto-Thin.ttf */; };
		32EBEB972A4E8BB20051E966 /* Roboto-Black.ttf in Resources */ = {isa = PBXBuildFile; fileRef = 32EBEB8B2A4E8BB20051E966 /* Roboto-Black.ttf */; };
		32EBEB9B2A4E8C6F0051E966 /* Fonts.swift in Sources */ = {isa = PBXBuildFile; fileRef = 32EBEB9A2A4E8C6F0051E966 /* Fonts.swift */; };
		32EBEB9D2A4E90170051E966 /* Constants.swift in Sources */ = {isa = PBXBuildFile; fileRef = 32EBEB9C2A4E90170051E966 /* Constants.swift */; };
		54CD706BF877B1F27A2B4C1F /* Pods_CargoApp.framework in Frameworks */ = {isa = PBXBuildFile; fileRef = C34CBB8F8F2A6B3A52BB48EE /* Pods_CargoApp.framework */; };
/* End PBXBuildFile section */

/* Begin PBXFileReference section */
		1809D5ADCE95DDDFBF24475C /* Pods-CargoApp.release.xcconfig */ = {isa = PBXFileReference; includeInIndex = 1; lastKnownFileType = text.xcconfig; name = "Pods-CargoApp.release.xcconfig"; path = "Target Support Files/Pods-CargoApp/Pods-CargoApp.release.xcconfig"; sourceTree = "<group>"; };
		325A4B3C2A4DB2A80047C1DA /* CargoApp.app */ = {isa = PBXFileReference; explicitFileType = wrapper.application; includeInIndex = 0; path = CargoApp.app; sourceTree = BUILT_PRODUCTS_DIR; };
		325A4B3F2A4DB2A80047C1DA /* AppDelegate.swift */ = {isa = PBXFileReference; lastKnownFileType = sourcecode.swift; path = AppDelegate.swift; sourceTree = "<group>"; };
		325A4B412A4DB2A80047C1DA /* SceneDelegate.swift */ = {isa = PBXFileReference; lastKnownFileType = sourcecode.swift; path = SceneDelegate.swift; sourceTree = "<group>"; };
		325A4B482A4DB2A90047C1DA /* Assets.xcassets */ = {isa = PBXFileReference; lastKnownFileType = folder.assetcatalog; path = Assets.xcassets; sourceTree = "<group>"; };
		325A4B4D2A4DB2A90047C1DA /* Info.plist */ = {isa = PBXFileReference; lastKnownFileType = text.plist.xml; path = Info.plist; sourceTree = "<group>"; };
		328A9E362A4DB6ED007AE4DE /* MainTabBarController.swift */ = {isa = PBXFileReference; lastKnownFileType = sourcecode.swift; path = MainTabBarController.swift; sourceTree = "<group>"; };
		328A9E392A4DB8CC007AE4DE /* SignUpViewController.swift */ = {isa = PBXFileReference; lastKnownFileType = sourcecode.swift; path = SignUpViewController.swift; sourceTree = "<group>"; };
		328A9E3B2A4DB8D6007AE4DE /* SignUpPresenter.swift */ = {isa = PBXFileReference; lastKnownFileType = sourcecode.swift; path = SignUpPresenter.swift; sourceTree = "<group>"; };
		328A9E3D2A4DB8DE007AE4DE /* SignUpInteractor.swift */ = {isa = PBXFileReference; lastKnownFileType = sourcecode.swift; path = SignUpInteractor.swift; sourceTree = "<group>"; };
		328A9E3F2A4DB8E4007AE4DE /* SignUpModuleBuilder.swift */ = {isa = PBXFileReference; lastKnownFileType = sourcecode.swift; path = SignUpModuleBuilder.swift; sourceTree = "<group>"; };
		328A9E412A4DB8E9007AE4DE /* SignUpRouter.swift */ = {isa = PBXFileReference; lastKnownFileType = sourcecode.swift; path = SignUpRouter.swift; sourceTree = "<group>"; };
		328A9E432A4DB8EE007AE4DE /* SignUpProtocols.swift */ = {isa = PBXFileReference; lastKnownFileType = sourcecode.swift; path = SignUpProtocols.swift; sourceTree = "<group>"; };
		328CF8772A4EC42800129CE5 /* User.swift */ = {isa = PBXFileReference; lastKnownFileType = sourcecode.swift; path = User.swift; sourceTree = "<group>"; };
		328CF8792A4EC47900129CE5 /* UserType.swift */ = {isa = PBXFileReference; lastKnownFileType = sourcecode.swift; path = UserType.swift; sourceTree = "<group>"; };
		328CF87B2A4EC72500129CE5 /* Errors.swift */ = {isa = PBXFileReference; lastKnownFileType = sourcecode.swift; path = Errors.swift; sourceTree = "<group>"; };
		328CF87D2A4EC74300129CE5 /* ErrorMessages.swift */ = {isa = PBXFileReference; lastKnownFileType = sourcecode.swift; path = ErrorMessages.swift; sourceTree = "<group>"; };
		328CF87F2A4EC7C600129CE5 /* ErrorModel.swift */ = {isa = PBXFileReference; lastKnownFileType = sourcecode.swift; path = ErrorModel.swift; sourceTree = "<group>"; };
		328CF8822A4ECD2D00129CE5 /* SignInViewController.swift */ = {isa = PBXFileReference; lastKnownFileType = sourcecode.swift; path = SignInViewController.swift; sourceTree = "<group>"; };
		328CF8842A4ECD3100129CE5 /* SignInPresenter.swift */ = {isa = PBXFileReference; lastKnownFileType = sourcecode.swift; path = SignInPresenter.swift; sourceTree = "<group>"; };
		328CF8862A4ECD3600129CE5 /* SignInInteractor.swift */ = {isa = PBXFileReference; lastKnownFileType = sourcecode.swift; path = SignInInteractor.swift; sourceTree = "<group>"; };
		328CF8882A4ECD3C00129CE5 /* SignInRouter.swift */ = {isa = PBXFileReference; lastKnownFileType = sourcecode.swift; path = SignInRouter.swift; sourceTree = "<group>"; };
		328CF88A2A4ECD4100129CE5 /* SignInModuleBuilder.swift */ = {isa = PBXFileReference; lastKnownFileType = sourcecode.swift; path = SignInModuleBuilder.swift; sourceTree = "<group>"; };
		328CF88C2A4ECD4700129CE5 /* SignInProtocols.swift */ = {isa = PBXFileReference; lastKnownFileType = sourcecode.swift; path = SignInProtocols.swift; sourceTree = "<group>"; };
		328CF88E2A4ECFA400129CE5 /* AppCoordinator.swift */ = {isa = PBXFileReference; lastKnownFileType = sourcecode.swift; path = AppCoordinator.swift; sourceTree = "<group>"; };
		328CF8912A4EDDD800129CE5 /* OrdersViewController.swift */ = {isa = PBXFileReference; lastKnownFileType = sourcecode.swift; path = OrdersViewController.swift; sourceTree = "<group>"; };
		328CF8932A4EDDDE00129CE5 /* OrdersPresenter.swift */ = {isa = PBXFileReference; lastKnownFileType = sourcecode.swift; path = OrdersPresenter.swift; sourceTree = "<group>"; };
		328CF8952A4EDDE300129CE5 /* OrdersInteractor.swift */ = {isa = PBXFileReference; lastKnownFileType = sourcecode.swift; path = OrdersInteractor.swift; sourceTree = "<group>"; };
		328CF8972A4EDDE900129CE5 /* OrdersModuleBuilder.swift */ = {isa = PBXFileReference; lastKnownFileType = sourcecode.swift; path = OrdersModuleBuilder.swift; sourceTree = "<group>"; };
		328CF8992A4EDDF100129CE5 /* OrdersProtocols.swift */ = {isa = PBXFileReference; lastKnownFileType = sourcecode.swift; path = OrdersProtocols.swift; sourceTree = "<group>"; };
		328CF89B2A4EDDF600129CE5 /* OrdersRouter.swift */ = {isa = PBXFileReference; lastKnownFileType = sourcecode.swift; path = OrdersRouter.swift; sourceTree = "<group>"; };
		328CF89E2A4EDF2200129CE5 /* OrderCell.swift */ = {isa = PBXFileReference; lastKnownFileType = sourcecode.swift; path = OrderCell.swift; sourceTree = "<group>"; };
		32BA81FA2A51600D007BC174 /* GoogleService-Info.plist */ = {isa = PBXFileReference; fileEncoding = 4; lastKnownFileType = text.plist.xml; path = "GoogleService-Info.plist"; sourceTree = "<group>"; };
		32C161212A4FEC0B00034807 /* DetailedOrderViewController.swift */ = {isa = PBXFileReference; lastKnownFileType = sourcecode.swift; path = DetailedOrderViewController.swift; sourceTree = "<group>"; };
		32C161232A4FEC1100034807 /* DetailedOrderPresenter.swift */ = {isa = PBXFileReference; lastKnownFileType = sourcecode.swift; path = DetailedOrderPresenter.swift; sourceTree = "<group>"; };
		32C161252A4FEC1600034807 /* DetailedOrderInteractor.swift */ = {isa = PBXFileReference; lastKnownFileType = sourcecode.swift; path = DetailedOrderInteractor.swift; sourceTree = "<group>"; };
		32C161272A4FEC1B00034807 /* DetailedOrderRouter.swift */ = {isa = PBXFileReference; lastKnownFileType = sourcecode.swift; path = DetailedOrderRouter.swift; sourceTree = "<group>"; };
		32C161292A4FEC2100034807 /* DetailedOrderModuleBuilder.swift */ = {isa = PBXFileReference; lastKnownFileType = sourcecode.swift; path = DetailedOrderModuleBuilder.swift; sourceTree = "<group>"; };
		32C1612B2A4FEC2500034807 /* DetailedOrderProtocols.swift */ = {isa = PBXFileReference; lastKnownFileType = sourcecode.swift; path = DetailedOrderProtocols.swift; sourceTree = "<group>"; };
		32EBEB802A4E8BB20051E966 /* Roboto-Medium.ttf */ = {isa = PBXFileReference; lastKnownFileType = file; path = "Roboto-Medium.ttf"; sourceTree = "<group>"; };
		32EBEB812A4E8BB20051E966 /* Roboto-BoldItalic.ttf */ = {isa = PBXFileReference; lastKnownFileType = file; path = "Roboto-BoldItalic.ttf"; sourceTree = "<group>"; };
		32EBEB822A4E8BB20051E966 /* Roboto-Bold.ttf */ = {isa = PBXFileReference; lastKnownFileType = file; path = "Roboto-Bold.ttf"; sourceTree = "<group>"; };
		32EBEB832A4E8BB20051E966 /* Roboto-Light.ttf */ = {isa = PBXFileReference; lastKnownFileType = file; path = "Roboto-Light.ttf"; sourceTree = "<group>"; };
		32EBEB842A4E8BB20051E966 /* Roboto-Italic.ttf */ = {isa = PBXFileReference; lastKnownFileType = file; path = "Roboto-Italic.ttf"; sourceTree = "<group>"; };
		32EBEB852A4E8BB20051E966 /* Roboto-Regular.ttf */ = {isa = PBXFileReference; lastKnownFileType = file; path = "Roboto-Regular.ttf"; sourceTree = "<group>"; };
		32EBEB862A4E8BB20051E966 /* Roboto-ThinItalic.ttf */ = {isa = PBXFileReference; lastKnownFileType = file; path = "Roboto-ThinItalic.ttf"; sourceTree = "<group>"; };
		32EBEB872A4E8BB20051E966 /* Roboto-LightItalic.ttf */ = {isa = PBXFileReference; lastKnownFileType = file; path = "Roboto-LightItalic.ttf"; sourceTree = "<group>"; };
		32EBEB882A4E8BB20051E966 /* Roboto-MediumItalic.ttf */ = {isa = PBXFileReference; lastKnownFileType = file; path = "Roboto-MediumItalic.ttf"; sourceTree = "<group>"; };
		32EBEB892A4E8BB20051E966 /* Roboto-BlackItalic.ttf */ = {isa = PBXFileReference; lastKnownFileType = file; path = "Roboto-BlackItalic.ttf"; sourceTree = "<group>"; };
		32EBEB8A2A4E8BB20051E966 /* Roboto-Thin.ttf */ = {isa = PBXFileReference; lastKnownFileType = file; path = "Roboto-Thin.ttf"; sourceTree = "<group>"; };
		32EBEB8B2A4E8BB20051E966 /* Roboto-Black.ttf */ = {isa = PBXFileReference; lastKnownFileType = file; path = "Roboto-Black.ttf"; sourceTree = "<group>"; };
		32EBEB9A2A4E8C6F0051E966 /* Fonts.swift */ = {isa = PBXFileReference; lastKnownFileType = sourcecode.swift; path = Fonts.swift; sourceTree = "<group>"; };
		32EBEB9C2A4E90170051E966 /* Constants.swift */ = {isa = PBXFileReference; lastKnownFileType = sourcecode.swift; path = Constants.swift; sourceTree = "<group>"; };
		B1B3E370A64E98E02C473D3C /* Pods-CargoApp.debug.xcconfig */ = {isa = PBXFileReference; includeInIndex = 1; lastKnownFileType = text.xcconfig; name = "Pods-CargoApp.debug.xcconfig"; path = "Target Support Files/Pods-CargoApp/Pods-CargoApp.debug.xcconfig"; sourceTree = "<group>"; };
		C34CBB8F8F2A6B3A52BB48EE /* Pods_CargoApp.framework */ = {isa = PBXFileReference; explicitFileType = wrapper.framework; includeInIndex = 0; path = Pods_CargoApp.framework; sourceTree = BUILT_PRODUCTS_DIR; };
/* End PBXFileReference section */

/* Begin PBXFrameworksBuildPhase section */
		325A4B392A4DB2A80047C1DA /* Frameworks */ = {
			isa = PBXFrameworksBuildPhase;
			buildActionMask = 2147483647;
			files = (
				32BA82042A51609F007BC174 /* FirebaseDatabaseSwift in Frameworks */,
				32BA81FE2A51609F007BC174 /* FirebaseAnalytics in Frameworks */,
				32BA820E2A51609F007BC174 /* FirebaseMessaging in Frameworks */,
				32BA82002A51609F007BC174 /* FirebaseAuth in Frameworks */,
				32BA820A2A51609F007BC174 /* FirebaseInAppMessaging-Beta in Frameworks */,
				32BA82082A51609F007BC174 /* FirebaseFirestoreSwift in Frameworks */,
				32BA82022A51609F007BC174 /* FirebaseDatabase in Frameworks */,
				54CD706BF877B1F27A2B4C1F /* Pods_CargoApp.framework in Frameworks */,
				32BA82102A51609F007BC174 /* FirebaseStorage in Frameworks */,
				32BA820C2A51609F007BC174 /* FirebaseInAppMessagingSwift-Beta in Frameworks */,
				32BA82062A51609F007BC174 /* FirebaseFirestore in Frameworks */,
			);
			runOnlyForDeploymentPostprocessing = 0;
		};
/* End PBXFrameworksBuildPhase section */

/* Begin PBXGroup section */
		2520A8026624B226F34AE82B /* Frameworks */ = {
			isa = PBXGroup;
			children = (
				C34CBB8F8F2A6B3A52BB48EE /* Pods_CargoApp.framework */,
			);
			name = Frameworks;
			sourceTree = "<group>";
		};
		325A4B332A4DB2A80047C1DA = {
			isa = PBXGroup;
			children = (
				325A4B3E2A4DB2A80047C1DA /* CargoApp */,
				325A4B3D2A4DB2A80047C1DA /* Products */,
				943262ACBDA2081021A5567D /* Pods */,
				2520A8026624B226F34AE82B /* Frameworks */,
			);
			sourceTree = "<group>";
		};
		325A4B3D2A4DB2A80047C1DA /* Products */ = {
			isa = PBXGroup;
			children = (
				325A4B3C2A4DB2A80047C1DA /* CargoApp.app */,
			);
			name = Products;
			sourceTree = "<group>";
		};
		325A4B3E2A4DB2A80047C1DA /* CargoApp */ = {
			isa = PBXGroup;
			children = (
				32BA81FA2A51600D007BC174 /* GoogleService-Info.plist */,
				32EBEB992A4E8C650051E966 /* Constants */,
				32EBEB982A4E8C590051E966 /* Models */,
				328A9E342A4DB698007AE4DE /* Application */,
				328A9E332A4DB682007AE4DE /* Resources */,
				328A9E322A4DB678007AE4DE /* Modules */,
			);
			path = CargoApp;
			sourceTree = "<group>";
		};
		328A9E322A4DB678007AE4DE /* Modules */ = {
			isa = PBXGroup;
			children = (
				32C161202A4FEBEC00034807 /* Detailed Order */,
				328CF8902A4EDDB400129CE5 /* Orders */,
				328CF8812A4ECD1E00129CE5 /* Sign In */,
				328A9E382A4DB8C2007AE4DE /* Sign Up */,
				328A9E352A4DB6D6007AE4DE /* Tab Bar */,
			);
			path = Modules;
			sourceTree = "<group>";
		};
		328A9E332A4DB682007AE4DE /* Resources */ = {
			isa = PBXGroup;
			children = (
				32EBEB7F2A4E8B9B0051E966 /* Fonts */,
				325A4B482A4DB2A90047C1DA /* Assets.xcassets */,
			);
			path = Resources;
			sourceTree = "<group>";
		};
		328A9E342A4DB698007AE4DE /* Application */ = {
			isa = PBXGroup;
			children = (
				325A4B3F2A4DB2A80047C1DA /* AppDelegate.swift */,
				325A4B412A4DB2A80047C1DA /* SceneDelegate.swift */,
				325A4B4D2A4DB2A90047C1DA /* Info.plist */,
				328CF88E2A4ECFA400129CE5 /* AppCoordinator.swift */,
			);
			path = Application;
			sourceTree = "<group>";
		};
		328A9E352A4DB6D6007AE4DE /* Tab Bar */ = {
			isa = PBXGroup;
			children = (
				328A9E362A4DB6ED007AE4DE /* MainTabBarController.swift */,
			);
			path = "Tab Bar";
			sourceTree = "<group>";
		};
		328A9E382A4DB8C2007AE4DE /* Sign Up */ = {
			isa = PBXGroup;
			children = (
				328A9E392A4DB8CC007AE4DE /* SignUpViewController.swift */,
				328A9E3B2A4DB8D6007AE4DE /* SignUpPresenter.swift */,
				328A9E3D2A4DB8DE007AE4DE /* SignUpInteractor.swift */,
				328A9E3F2A4DB8E4007AE4DE /* SignUpModuleBuilder.swift */,
				328A9E412A4DB8E9007AE4DE /* SignUpRouter.swift */,
				328A9E432A4DB8EE007AE4DE /* SignUpProtocols.swift */,
			);
			path = "Sign Up";
			sourceTree = "<group>";
		};
		328CF8812A4ECD1E00129CE5 /* Sign In */ = {
			isa = PBXGroup;
			children = (
				328CF8822A4ECD2D00129CE5 /* SignInViewController.swift */,
				328CF8842A4ECD3100129CE5 /* SignInPresenter.swift */,
				328CF8862A4ECD3600129CE5 /* SignInInteractor.swift */,
				328CF8882A4ECD3C00129CE5 /* SignInRouter.swift */,
				328CF88A2A4ECD4100129CE5 /* SignInModuleBuilder.swift */,
				328CF88C2A4ECD4700129CE5 /* SignInProtocols.swift */,
			);
			path = "Sign In";
			sourceTree = "<group>";
		};
		328CF8902A4EDDB400129CE5 /* Orders */ = {
			isa = PBXGroup;
			children = (
				328CF89D2A4EDF1900129CE5 /* Views */,
				328CF8912A4EDDD800129CE5 /* OrdersViewController.swift */,
				328CF8932A4EDDDE00129CE5 /* OrdersPresenter.swift */,
				328CF8952A4EDDE300129CE5 /* OrdersInteractor.swift */,
				328CF8972A4EDDE900129CE5 /* OrdersModuleBuilder.swift */,
				328CF8992A4EDDF100129CE5 /* OrdersProtocols.swift */,
				328CF89B2A4EDDF600129CE5 /* OrdersRouter.swift */,
			);
			path = Orders;
			sourceTree = "<group>";
		};
		328CF89D2A4EDF1900129CE5 /* Views */ = {
			isa = PBXGroup;
			children = (
				328CF89E2A4EDF2200129CE5 /* OrderCell.swift */,
			);
			path = Views;
			sourceTree = "<group>";
		};
		32C161202A4FEBEC00034807 /* Detailed Order */ = {
			isa = PBXGroup;
			children = (
				32C161212A4FEC0B00034807 /* DetailedOrderViewController.swift */,
				32C161232A4FEC1100034807 /* DetailedOrderPresenter.swift */,
				32C161252A4FEC1600034807 /* DetailedOrderInteractor.swift */,
				32C161272A4FEC1B00034807 /* DetailedOrderRouter.swift */,
				32C161292A4FEC2100034807 /* DetailedOrderModuleBuilder.swift */,
				32C1612B2A4FEC2500034807 /* DetailedOrderProtocols.swift */,
			);
			path = "Detailed Order";
			sourceTree = "<group>";
		};
		32EBEB7F2A4E8B9B0051E966 /* Fonts */ = {
			isa = PBXGroup;
			children = (
				32EBEB8B2A4E8BB20051E966 /* Roboto-Black.ttf */,
				32EBEB892A4E8BB20051E966 /* Roboto-BlackItalic.ttf */,
				32EBEB822A4E8BB20051E966 /* Roboto-Bold.ttf */,
				32EBEB812A4E8BB20051E966 /* Roboto-BoldItalic.ttf */,
				32EBEB842A4E8BB20051E966 /* Roboto-Italic.ttf */,
				32EBEB832A4E8BB20051E966 /* Roboto-Light.ttf */,
				32EBEB872A4E8BB20051E966 /* Roboto-LightItalic.ttf */,
				32EBEB802A4E8BB20051E966 /* Roboto-Medium.ttf */,
				32EBEB882A4E8BB20051E966 /* Roboto-MediumItalic.ttf */,
				32EBEB852A4E8BB20051E966 /* Roboto-Regular.ttf */,
				32EBEB8A2A4E8BB20051E966 /* Roboto-Thin.ttf */,
				32EBEB862A4E8BB20051E966 /* Roboto-ThinItalic.ttf */,
			);
			path = Fonts;
			sourceTree = "<group>";
		};
		32EBEB982A4E8C590051E966 /* Models */ = {
			isa = PBXGroup;
			children = (
				328CF8772A4EC42800129CE5 /* User.swift */,
				328CF8792A4EC47900129CE5 /* UserType.swift */,
				328CF87B2A4EC72500129CE5 /* Errors.swift */,
				328CF87D2A4EC74300129CE5 /* ErrorMessages.swift */,
				328CF87F2A4EC7C600129CE5 /* ErrorModel.swift */,
			);
			path = Models;
			sourceTree = "<group>";
		};
		32EBEB992A4E8C650051E966 /* Constants */ = {
			isa = PBXGroup;
			children = (
				32EBEB9A2A4E8C6F0051E966 /* Fonts.swift */,
				32EBEB9C2A4E90170051E966 /* Constants.swift */,
			);
			path = Constants;
			sourceTree = "<group>";
		};
		943262ACBDA2081021A5567D /* Pods */ = {
			isa = PBXGroup;
			children = (
				B1B3E370A64E98E02C473D3C /* Pods-CargoApp.debug.xcconfig */,
				1809D5ADCE95DDDFBF24475C /* Pods-CargoApp.release.xcconfig */,
			);
			path = Pods;
			sourceTree = "<group>";
		};
/* End PBXGroup section */

/* Begin PBXNativeTarget section */
		325A4B3B2A4DB2A80047C1DA /* CargoApp */ = {
			isa = PBXNativeTarget;
			buildConfigurationList = 325A4B502A4DB2A90047C1DA /* Build configuration list for PBXNativeTarget "CargoApp" */;
			buildPhases = (
				8AA1D4EFF53A9221241EAD4B /* [CP] Check Pods Manifest.lock */,
				325A4B382A4DB2A80047C1DA /* Sources */,
				325A4B392A4DB2A80047C1DA /* Frameworks */,
				325A4B3A2A4DB2A80047C1DA /* Resources */,
				C2AE40EA6F9C4E062DD94EA0 /* [CP] Embed Pods Frameworks */,
			);
			buildRules = (
			);
			dependencies = (
			);
			name = CargoApp;
			packageProductDependencies = (
				32BA81FD2A51609F007BC174 /* FirebaseAnalytics */,
				32BA81FF2A51609F007BC174 /* FirebaseAuth */,
				32BA82012A51609F007BC174 /* FirebaseDatabase */,
				32BA82032A51609F007BC174 /* FirebaseDatabaseSwift */,
				32BA82052A51609F007BC174 /* FirebaseFirestore */,
				32BA82072A51609F007BC174 /* FirebaseFirestoreSwift */,
				32BA82092A51609F007BC174 /* FirebaseInAppMessaging-Beta */,
				32BA820B2A51609F007BC174 /* FirebaseInAppMessagingSwift-Beta */,
				32BA820D2A51609F007BC174 /* FirebaseMessaging */,
				32BA820F2A51609F007BC174 /* FirebaseStorage */,
			);
			productName = CargoApp;
			productReference = 325A4B3C2A4DB2A80047C1DA /* CargoApp.app */;
			productType = "com.apple.product-type.application";
		};
/* End PBXNativeTarget section */

/* Begin PBXProject section */
		325A4B342A4DB2A80047C1DA /* Project object */ = {
			isa = PBXProject;
			attributes = {
				BuildIndependentTargetsInParallel = 1;
				LastSwiftUpdateCheck = 1430;
				LastUpgradeCheck = 1430;
				TargetAttributes = {
					325A4B3B2A4DB2A80047C1DA = {
						CreatedOnToolsVersion = 14.3.1;
					};
				};
			};
			buildConfigurationList = 325A4B372A4DB2A80047C1DA /* Build configuration list for PBXProject "CargoApp" */;
			compatibilityVersion = "Xcode 14.0";
			developmentRegion = en;
			hasScannedForEncodings = 0;
			knownRegions = (
				en,
				Base,
			);
			mainGroup = 325A4B332A4DB2A80047C1DA;
			packageReferences = (
				32BA81FC2A51609F007BC174 /* XCRemoteSwiftPackageReference "firebase-ios-sdk" */,
			);
			productRefGroup = 325A4B3D2A4DB2A80047C1DA /* Products */;
			projectDirPath = "";
			projectRoot = "";
			targets = (
				325A4B3B2A4DB2A80047C1DA /* CargoApp */,
			);
		};
/* End PBXProject section */

/* Begin PBXResourcesBuildPhase section */
		325A4B3A2A4DB2A80047C1DA /* Resources */ = {
			isa = PBXResourcesBuildPhase;
			buildActionMask = 2147483647;
			files = (
				32EBEB8D2A4E8BB20051E966 /* Roboto-BoldItalic.ttf in Resources */,
				32EBEB912A4E8BB20051E966 /* Roboto-Regular.ttf in Resources */,
				32EBEB902A4E8BB20051E966 /* Roboto-Italic.ttf in Resources */,
				32EBEB8C2A4E8BB20051E966 /* Roboto-Medium.ttf in Resources */,
				32EBEB922A4E8BB20051E966 /* Roboto-ThinItalic.ttf in Resources */,
				32EBEB932A4E8BB20051E966 /* Roboto-LightItalic.ttf in Resources */,
				32EBEB952A4E8BB20051E966 /* Roboto-BlackItalic.ttf in Resources */,
				32EBEB942A4E8BB20051E966 /* Roboto-MediumItalic.ttf in Resources */,
				32EBEB962A4E8BB20051E966 /* Roboto-Thin.ttf in Resources */,
				32EBEB972A4E8BB20051E966 /* Roboto-Black.ttf in Resources */,
				32EBEB8F2A4E8BB20051E966 /* Roboto-Light.ttf in Resources */,
				32EBEB8E2A4E8BB20051E966 /* Roboto-Bold.ttf in Resources */,
				325A4B492A4DB2A90047C1DA /* Assets.xcassets in Resources */,
				32BA81FB2A51600D007BC174 /* GoogleService-Info.plist in Resources */,
			);
			runOnlyForDeploymentPostprocessing = 0;
		};
/* End PBXResourcesBuildPhase section */

/* Begin PBXShellScriptBuildPhase section */
		8AA1D4EFF53A9221241EAD4B /* [CP] Check Pods Manifest.lock */ = {
			isa = PBXShellScriptBuildPhase;
			buildActionMask = 2147483647;
			files = (
			);
			inputFileListPaths = (
			);
			inputPaths = (
				"${PODS_PODFILE_DIR_PATH}/Podfile.lock",
				"${PODS_ROOT}/Manifest.lock",
			);
			name = "[CP] Check Pods Manifest.lock";
			outputFileListPaths = (
			);
			outputPaths = (
				"$(DERIVED_FILE_DIR)/Pods-CargoApp-checkManifestLockResult.txt",
			);
			runOnlyForDeploymentPostprocessing = 0;
			shellPath = /bin/sh;
			shellScript = "diff \"${PODS_PODFILE_DIR_PATH}/Podfile.lock\" \"${PODS_ROOT}/Manifest.lock\" > /dev/null\nif [ $? != 0 ] ; then\n    # print error to STDERR\n    echo \"error: The sandbox is not in sync with the Podfile.lock. Run 'pod install' or update your CocoaPods installation.\" >&2\n    exit 1\nfi\n# This output is used by Xcode 'outputs' to avoid re-running this script phase.\necho \"SUCCESS\" > \"${SCRIPT_OUTPUT_FILE_0}\"\n";
			showEnvVarsInLog = 0;
		};
		C2AE40EA6F9C4E062DD94EA0 /* [CP] Embed Pods Frameworks */ = {
			isa = PBXShellScriptBuildPhase;
			buildActionMask = 2147483647;
			files = (
			);
			inputFileListPaths = (
				"${PODS_ROOT}/Target Support Files/Pods-CargoApp/Pods-CargoApp-frameworks-${CONFIGURATION}-input-files.xcfilelist",
			);
			name = "[CP] Embed Pods Frameworks";
			outputFileListPaths = (
				"${PODS_ROOT}/Target Support Files/Pods-CargoApp/Pods-CargoApp-frameworks-${CONFIGURATION}-output-files.xcfilelist",
			);
			runOnlyForDeploymentPostprocessing = 0;
			shellPath = /bin/sh;
			shellScript = "\"${PODS_ROOT}/Target Support Files/Pods-CargoApp/Pods-CargoApp-frameworks.sh\"\n";
			showEnvVarsInLog = 0;
		};
/* End PBXShellScriptBuildPhase section */

/* Begin PBXSourcesBuildPhase section */
		325A4B382A4DB2A80047C1DA /* Sources */ = {
			isa = PBXSourcesBuildPhase;
			buildActionMask = 2147483647;
			files = (
				328A9E442A4DB8EE007AE4DE /* SignUpProtocols.swift in Sources */,
				32EBEB9D2A4E90170051E966 /* Constants.swift in Sources */,
				328CF87A2A4EC47900129CE5 /* UserType.swift in Sources */,
				328CF8962A4EDDE300129CE5 /* OrdersInteractor.swift in Sources */,
				328A9E372A4DB6ED007AE4DE /* MainTabBarController.swift in Sources */,
				328A9E3C2A4DB8D6007AE4DE /* SignUpPresenter.swift in Sources */,
				325A4B402A4DB2A80047C1DA /* AppDelegate.swift in Sources */,
				32C161282A4FEC1B00034807 /* DetailedOrderRouter.swift in Sources */,
				32C161242A4FEC1100034807 /* DetailedOrderPresenter.swift in Sources */,
				328CF88F2A4ECFA400129CE5 /* AppCoordinator.swift in Sources */,
				328CF8892A4ECD3C00129CE5 /* SignInRouter.swift in Sources */,
				328CF8802A4EC7C600129CE5 /* ErrorModel.swift in Sources */,
				328CF8832A4ECD2D00129CE5 /* SignInViewController.swift in Sources */,
				328CF87C2A4EC72500129CE5 /* Errors.swift in Sources */,
				328A9E3E2A4DB8DE007AE4DE /* SignUpInteractor.swift in Sources */,
				328CF88D2A4ECD4700129CE5 /* SignInProtocols.swift in Sources */,
				32C1612C2A4FEC2500034807 /* DetailedOrderProtocols.swift in Sources */,
				328CF87E2A4EC74300129CE5 /* ErrorMessages.swift in Sources */,
				328A9E3A2A4DB8CC007AE4DE /* SignUpViewController.swift in Sources */,
				328CF8852A4ECD3100129CE5 /* SignInPresenter.swift in Sources */,
				32EBEB9B2A4E8C6F0051E966 /* Fonts.swift in Sources */,
				328A9E402A4DB8E4007AE4DE /* SignUpModuleBuilder.swift in Sources */,
				32C161222A4FEC0B00034807 /* DetailedOrderViewController.swift in Sources */,
				325A4B422A4DB2A80047C1DA /* SceneDelegate.swift in Sources */,
				328CF89A2A4EDDF100129CE5 /* OrdersProtocols.swift in Sources */,
				328CF8922A4EDDD800129CE5 /* OrdersViewController.swift in Sources */,
				328CF89F2A4EDF2200129CE5 /* OrderCell.swift in Sources */,
				328CF8982A4EDDE900129CE5 /* OrdersModuleBuilder.swift in Sources */,
				328CF8782A4EC42800129CE5 /* User.swift in Sources */,
				328CF8872A4ECD3700129CE5 /* SignInInteractor.swift in Sources */,
				32C1612A2A4FEC2100034807 /* DetailedOrderModuleBuilder.swift in Sources */,
				328CF88B2A4ECD4100129CE5 /* SignInModuleBuilder.swift in Sources */,
				328A9E422A4DB8E9007AE4DE /* SignUpRouter.swift in Sources */,
				328CF8942A4EDDDE00129CE5 /* OrdersPresenter.swift in Sources */,
				32C161262A4FEC1600034807 /* DetailedOrderInteractor.swift in Sources */,
				328CF89C2A4EDDF600129CE5 /* OrdersRouter.swift in Sources */,
			);
			runOnlyForDeploymentPostprocessing = 0;
		};
/* End PBXSourcesBuildPhase section */

/* Begin XCBuildConfiguration section */
		325A4B4E2A4DB2A90047C1DA /* Debug */ = {
			isa = XCBuildConfiguration;
			buildSettings = {
				ALWAYS_SEARCH_USER_PATHS = NO;
				CLANG_ANALYZER_NONNULL = YES;
				CLANG_ANALYZER_NUMBER_OBJECT_CONVERSION = YES_AGGRESSIVE;
				CLANG_CXX_LANGUAGE_STANDARD = "gnu++20";
				CLANG_ENABLE_MODULES = YES;
				CLANG_ENABLE_OBJC_ARC = YES;
				CLANG_ENABLE_OBJC_WEAK = YES;
				CLANG_WARN_BLOCK_CAPTURE_AUTORELEASING = YES;
				CLANG_WARN_BOOL_CONVERSION = YES;
				CLANG_WARN_COMMA = YES;
				CLANG_WARN_CONSTANT_CONVERSION = YES;
				CLANG_WARN_DEPRECATED_OBJC_IMPLEMENTATIONS = YES;
				CLANG_WARN_DIRECT_OBJC_ISA_USAGE = YES_ERROR;
				CLANG_WARN_DOCUMENTATION_COMMENTS = YES;
				CLANG_WARN_EMPTY_BODY = YES;
				CLANG_WARN_ENUM_CONVERSION = YES;
				CLANG_WARN_INFINITE_RECURSION = YES;
				CLANG_WARN_INT_CONVERSION = YES;
				CLANG_WARN_NON_LITERAL_NULL_CONVERSION = YES;
				CLANG_WARN_OBJC_IMPLICIT_RETAIN_SELF = YES;
				CLANG_WARN_OBJC_LITERAL_CONVERSION = YES;
				CLANG_WARN_OBJC_ROOT_CLASS = YES_ERROR;
				CLANG_WARN_QUOTED_INCLUDE_IN_FRAMEWORK_HEADER = YES;
				CLANG_WARN_RANGE_LOOP_ANALYSIS = YES;
				CLANG_WARN_STRICT_PROTOTYPES = YES;
				CLANG_WARN_SUSPICIOUS_MOVE = YES;
				CLANG_WARN_UNGUARDED_AVAILABILITY = YES_AGGRESSIVE;
				CLANG_WARN_UNREACHABLE_CODE = YES;
				CLANG_WARN__DUPLICATE_METHOD_MATCH = YES;
				COPY_PHASE_STRIP = NO;
				DEBUG_INFORMATION_FORMAT = dwarf;
				ENABLE_STRICT_OBJC_MSGSEND = YES;
				ENABLE_TESTABILITY = YES;
				GCC_C_LANGUAGE_STANDARD = gnu11;
				GCC_DYNAMIC_NO_PIC = NO;
				GCC_NO_COMMON_BLOCKS = YES;
				GCC_OPTIMIZATION_LEVEL = 0;
				GCC_PREPROCESSOR_DEFINITIONS = (
					"DEBUG=1",
					"$(inherited)",
				);
				GCC_WARN_64_TO_32_BIT_CONVERSION = YES;
				GCC_WARN_ABOUT_RETURN_TYPE = YES_ERROR;
				GCC_WARN_UNDECLARED_SELECTOR = YES;
				GCC_WARN_UNINITIALIZED_AUTOS = YES_AGGRESSIVE;
				GCC_WARN_UNUSED_FUNCTION = YES;
				GCC_WARN_UNUSED_VARIABLE = YES;
				IPHONEOS_DEPLOYMENT_TARGET = 16.4;
				MTL_ENABLE_DEBUG_INFO = INCLUDE_SOURCE;
				MTL_FAST_MATH = YES;
				ONLY_ACTIVE_ARCH = YES;
				SDKROOT = iphoneos;
				SWIFT_ACTIVE_COMPILATION_CONDITIONS = DEBUG;
				SWIFT_OPTIMIZATION_LEVEL = "-Onone";
			};
			name = Debug;
		};
		325A4B4F2A4DB2A90047C1DA /* Release */ = {
			isa = XCBuildConfiguration;
			buildSettings = {
				ALWAYS_SEARCH_USER_PATHS = NO;
				CLANG_ANALYZER_NONNULL = YES;
				CLANG_ANALYZER_NUMBER_OBJECT_CONVERSION = YES_AGGRESSIVE;
				CLANG_CXX_LANGUAGE_STANDARD = "gnu++20";
				CLANG_ENABLE_MODULES = YES;
				CLANG_ENABLE_OBJC_ARC = YES;
				CLANG_ENABLE_OBJC_WEAK = YES;
				CLANG_WARN_BLOCK_CAPTURE_AUTORELEASING = YES;
				CLANG_WARN_BOOL_CONVERSION = YES;
				CLANG_WARN_COMMA = YES;
				CLANG_WARN_CONSTANT_CONVERSION = YES;
				CLANG_WARN_DEPRECATED_OBJC_IMPLEMENTATIONS = YES;
				CLANG_WARN_DIRECT_OBJC_ISA_USAGE = YES_ERROR;
				CLANG_WARN_DOCUMENTATION_COMMENTS = YES;
				CLANG_WARN_EMPTY_BODY = YES;
				CLANG_WARN_ENUM_CONVERSION = YES;
				CLANG_WARN_INFINITE_RECURSION = YES;
				CLANG_WARN_INT_CONVERSION = YES;
				CLANG_WARN_NON_LITERAL_NULL_CONVERSION = YES;
				CLANG_WARN_OBJC_IMPLICIT_RETAIN_SELF = YES;
				CLANG_WARN_OBJC_LITERAL_CONVERSION = YES;
				CLANG_WARN_OBJC_ROOT_CLASS = YES_ERROR;
				CLANG_WARN_QUOTED_INCLUDE_IN_FRAMEWORK_HEADER = YES;
				CLANG_WARN_RANGE_LOOP_ANALYSIS = YES;
				CLANG_WARN_STRICT_PROTOTYPES = YES;
				CLANG_WARN_SUSPICIOUS_MOVE = YES;
				CLANG_WARN_UNGUARDED_AVAILABILITY = YES_AGGRESSIVE;
				CLANG_WARN_UNREACHABLE_CODE = YES;
				CLANG_WARN__DUPLICATE_METHOD_MATCH = YES;
				COPY_PHASE_STRIP = NO;
				DEBUG_INFORMATION_FORMAT = "dwarf-with-dsym";
				ENABLE_NS_ASSERTIONS = NO;
				ENABLE_STRICT_OBJC_MSGSEND = YES;
				GCC_C_LANGUAGE_STANDARD = gnu11;
				GCC_NO_COMMON_BLOCKS = YES;
				GCC_WARN_64_TO_32_BIT_CONVERSION = YES;
				GCC_WARN_ABOUT_RETURN_TYPE = YES_ERROR;
				GCC_WARN_UNDECLARED_SELECTOR = YES;
				GCC_WARN_UNINITIALIZED_AUTOS = YES_AGGRESSIVE;
				GCC_WARN_UNUSED_FUNCTION = YES;
				GCC_WARN_UNUSED_VARIABLE = YES;
				IPHONEOS_DEPLOYMENT_TARGET = 16.4;
				MTL_ENABLE_DEBUG_INFO = NO;
				MTL_FAST_MATH = YES;
				SDKROOT = iphoneos;
				SWIFT_COMPILATION_MODE = wholemodule;
				SWIFT_OPTIMIZATION_LEVEL = "-O";
				VALIDATE_PRODUCT = YES;
			};
			name = Release;
		};
		325A4B512A4DB2A90047C1DA /* Debug */ = {
			isa = XCBuildConfiguration;
			baseConfigurationReference = B1B3E370A64E98E02C473D3C /* Pods-CargoApp.debug.xcconfig */;
			buildSettings = {
				ASSETCATALOG_COMPILER_APPICON_NAME = AppIcon;
				ASSETCATALOG_COMPILER_GLOBAL_ACCENT_COLOR_NAME = AccentColor;
				CODE_SIGN_STYLE = Automatic;
				CURRENT_PROJECT_VERSION = 1;
				DEVELOPMENT_TEAM = 962338348U;
				GENERATE_INFOPLIST_FILE = YES;
				INFOPLIST_FILE = CargoApp/Application/Info.plist;
				INFOPLIST_KEY_NSLocationWhenInUseUsageDescription = "Geolocation is needed to show your location on the map";
				INFOPLIST_KEY_UIApplicationSupportsIndirectInputEvents = YES;
				INFOPLIST_KEY_UILaunchStoryboardName = LaunchScreen;
				INFOPLIST_KEY_UISupportedInterfaceOrientations_iPad = "UIInterfaceOrientationPortrait UIInterfaceOrientationPortraitUpsideDown UIInterfaceOrientationLandscapeLeft UIInterfaceOrientationLandscapeRight";
				INFOPLIST_KEY_UISupportedInterfaceOrientations_iPhone = "UIInterfaceOrientationPortrait UIInterfaceOrientationLandscapeLeft UIInterfaceOrientationLandscapeRight";
				LD_RUNPATH_SEARCH_PATHS = (
					"$(inherited)",
					"@executable_path/Frameworks",
				);
				MARKETING_VERSION = 1.0;
				PRODUCT_BUNDLE_IDENTIFIER = com.iskhak.CargoApp;
				PRODUCT_NAME = "$(TARGET_NAME)";
				SWIFT_EMIT_LOC_STRINGS = YES;
				SWIFT_VERSION = 5.0;
				TARGETED_DEVICE_FAMILY = "1,2";
			};
			name = Debug;
		};
		325A4B522A4DB2A90047C1DA /* Release */ = {
			isa = XCBuildConfiguration;
			baseConfigurationReference = 1809D5ADCE95DDDFBF24475C /* Pods-CargoApp.release.xcconfig */;
			buildSettings = {
				ASSETCATALOG_COMPILER_APPICON_NAME = AppIcon;
				ASSETCATALOG_COMPILER_GLOBAL_ACCENT_COLOR_NAME = AccentColor;
				CODE_SIGN_STYLE = Automatic;
				CURRENT_PROJECT_VERSION = 1;
				DEVELOPMENT_TEAM = 962338348U;
				GENERATE_INFOPLIST_FILE = YES;
				INFOPLIST_FILE = CargoApp/Application/Info.plist;
				INFOPLIST_KEY_NSLocationWhenInUseUsageDescription = "Geolocation is needed to show your location on the map";
				INFOPLIST_KEY_UIApplicationSupportsIndirectInputEvents = YES;
				INFOPLIST_KEY_UILaunchStoryboardName = LaunchScreen;
				INFOPLIST_KEY_UISupportedInterfaceOrientations_iPad = "UIInterfaceOrientationPortrait UIInterfaceOrientationPortraitUpsideDown UIInterfaceOrientationLandscapeLeft UIInterfaceOrientationLandscapeRight";
				INFOPLIST_KEY_UISupportedInterfaceOrientations_iPhone = "UIInterfaceOrientationPortrait UIInterfaceOrientationLandscapeLeft UIInterfaceOrientationLandscapeRight";
				LD_RUNPATH_SEARCH_PATHS = (
					"$(inherited)",
					"@executable_path/Frameworks",
				);
				MARKETING_VERSION = 1.0;
				PRODUCT_BUNDLE_IDENTIFIER = com.iskhak.CargoApp;
				PRODUCT_NAME = "$(TARGET_NAME)";
				SWIFT_EMIT_LOC_STRINGS = YES;
				SWIFT_VERSION = 5.0;
				TARGETED_DEVICE_FAMILY = "1,2";
			};
			name = Release;
		};
/* End XCBuildConfiguration section */

/* Begin XCConfigurationList section */
		325A4B372A4DB2A80047C1DA /* Build configuration list for PBXProject "CargoApp" */ = {
			isa = XCConfigurationList;
			buildConfigurations = (
				325A4B4E2A4DB2A90047C1DA /* Debug */,
				325A4B4F2A4DB2A90047C1DA /* Release */,
			);
			defaultConfigurationIsVisible = 0;
			defaultConfigurationName = Release;
		};
		325A4B502A4DB2A90047C1DA /* Build configuration list for PBXNativeTarget "CargoApp" */ = {
			isa = XCConfigurationList;
			buildConfigurations = (
				325A4B512A4DB2A90047C1DA /* Debug */,
				325A4B522A4DB2A90047C1DA /* Release */,
			);
			defaultConfigurationIsVisible = 0;
			defaultConfigurationName = Release;
		};
/* End XCConfigurationList section */

/* Begin XCRemoteSwiftPackageReference section */
		32BA81FC2A51609F007BC174 /* XCRemoteSwiftPackageReference "firebase-ios-sdk" */ = {
			isa = XCRemoteSwiftPackageReference;
			repositoryURL = "https://github.com/firebase/firebase-ios-sdk";
			requirement = {
				kind = upToNextMajorVersion;
				minimumVersion = 10.0.0;
			};
		};
/* End XCRemoteSwiftPackageReference section */

/* Begin XCSwiftPackageProductDependency section */
		32BA81FD2A51609F007BC174 /* FirebaseAnalytics */ = {
			isa = XCSwiftPackageProductDependency;
			package = 32BA81FC2A51609F007BC174 /* XCRemoteSwiftPackageReference "firebase-ios-sdk" */;
			productName = FirebaseAnalytics;
		};
		32BA81FF2A51609F007BC174 /* FirebaseAuth */ = {
			isa = XCSwiftPackageProductDependency;
			package = 32BA81FC2A51609F007BC174 /* XCRemoteSwiftPackageReference "firebase-ios-sdk" */;
			productName = FirebaseAuth;
		};
		32BA82012A51609F007BC174 /* FirebaseDatabase */ = {
			isa = XCSwiftPackageProductDependency;
			package = 32BA81FC2A51609F007BC174 /* XCRemoteSwiftPackageReference "firebase-ios-sdk" */;
			productName = FirebaseDatabase;
		};
		32BA82032A51609F007BC174 /* FirebaseDatabaseSwift */ = {
			isa = XCSwiftPackageProductDependency;
			package = 32BA81FC2A51609F007BC174 /* XCRemoteSwiftPackageReference "firebase-ios-sdk" */;
			productName = FirebaseDatabaseSwift;
		};
		32BA82052A51609F007BC174 /* FirebaseFirestore */ = {
			isa = XCSwiftPackageProductDependency;
			package = 32BA81FC2A51609F007BC174 /* XCRemoteSwiftPackageReference "firebase-ios-sdk" */;
			productName = FirebaseFirestore;
		};
		32BA82072A51609F007BC174 /* FirebaseFirestoreSwift */ = {
			isa = XCSwiftPackageProductDependency;
			package = 32BA81FC2A51609F007BC174 /* XCRemoteSwiftPackageReference "firebase-ios-sdk" */;
			productName = FirebaseFirestoreSwift;
		};
		32BA82092A51609F007BC174 /* FirebaseInAppMessaging-Beta */ = {
			isa = XCSwiftPackageProductDependency;
			package = 32BA81FC2A51609F007BC174 /* XCRemoteSwiftPackageReference "firebase-ios-sdk" */;
			productName = "FirebaseInAppMessaging-Beta";
		};
		32BA820B2A51609F007BC174 /* FirebaseInAppMessagingSwift-Beta */ = {
			isa = XCSwiftPackageProductDependency;
			package = 32BA81FC2A51609F007BC174 /* XCRemoteSwiftPackageReference "firebase-ios-sdk" */;
			productName = "FirebaseInAppMessagingSwift-Beta";
		};
		32BA820D2A51609F007BC174 /* FirebaseMessaging */ = {
			isa = XCSwiftPackageProductDependency;
			package = 32BA81FC2A51609F007BC174 /* XCRemoteSwiftPackageReference "firebase-ios-sdk" */;
			productName = FirebaseMessaging;
		};
		32BA820F2A51609F007BC174 /* FirebaseStorage */ = {
			isa = XCSwiftPackageProductDependency;
			package = 32BA81FC2A51609F007BC174 /* XCRemoteSwiftPackageReference "firebase-ios-sdk" */;
			productName = FirebaseStorage;
		};
/* End XCSwiftPackageProductDependency section */
	};
	rootObject = 325A4B342A4DB2A80047C1DA /* Project object */;
}
