// !$*UTF8*$!
{
	archiveVersion = 1;
	classes = {
	};
	objectVersion = 56;
	objects = {

/* Begin PBXBuildFile section */
		325A4B402A4DB2A80047C1DA /* AppDelegate.swift in Sources */ = {isa = PBXBuildFile; fileRef = 325A4B3F2A4DB2A80047C1DA /* AppDelegate.swift */; };
		325A4B422A4DB2A80047C1DA /* SceneDelegate.swift in Sources */ = {isa = PBXBuildFile; fileRef = 325A4B412A4DB2A80047C1DA /* SceneDelegate.swift */; };
		325A4B492A4DB2A90047C1DA /* Assets.xcassets in Resources */ = {isa = PBXBuildFile; fileRef = 325A4B482A4DB2A90047C1DA /* Assets.xcassets */; };
		328A9E372A4DB6ED007AE4DE /* MainTabBarController.swift in Sources */ = {isa = PBXBuildFile; fileRef = 328A9E362A4DB6ED007AE4DE /* MainTabBarController.swift */; };
		328A9E3A2A4DB8CC007AE4DE /* RegistrationViewController.swift in Sources */ = {isa = PBXBuildFile; fileRef = 328A9E392A4DB8CC007AE4DE /* RegistrationViewController.swift */; };
		328A9E3C2A4DB8D6007AE4DE /* RegistrationPresenter.swift in Sources */ = {isa = PBXBuildFile; fileRef = 328A9E3B2A4DB8D6007AE4DE /* RegistrationPresenter.swift */; };
		328A9E3E2A4DB8DE007AE4DE /* RegistrationInteractor.swift in Sources */ = {isa = PBXBuildFile; fileRef = 328A9E3D2A4DB8DE007AE4DE /* RegistrationInteractor.swift */; };
		328A9E402A4DB8E4007AE4DE /* RegistrationModuleBuilder.swift in Sources */ = {isa = PBXBuildFile; fileRef = 328A9E3F2A4DB8E4007AE4DE /* RegistrationModuleBuilder.swift */; };
		328A9E422A4DB8E9007AE4DE /* RegistrationRouter.swift in Sources */ = {isa = PBXBuildFile; fileRef = 328A9E412A4DB8E9007AE4DE /* RegistrationRouter.swift */; };
		328A9E442A4DB8EE007AE4DE /* RegistrationProtocols.swift in Sources */ = {isa = PBXBuildFile; fileRef = 328A9E432A4DB8EE007AE4DE /* RegistrationProtocols.swift */; };
		54CD706BF877B1F27A2B4C1F /* Pods_CargoApp.framework in Frameworks */ = {isa = PBXBuildFile; fileRef = C34CBB8F8F2A6B3A52BB48EE /* Pods_CargoApp.framework */; };
/* End PBXBuildFile section */

/* Begin PBXFileReference section */
		1809D5ADCE95DDDFBF24475C /* Pods-CargoApp.release.xcconfig */ = {isa = PBXFileReference; includeInIndex = 1; lastKnownFileType = text.xcconfig; name = "Pods-CargoApp.release.xcconfig"; path = "Target Support Files/Pods-CargoApp/Pods-CargoApp.release.xcconfig"; sourceTree = "<group>"; };
		325A4B3C2A4DB2A80047C1DA /* CargoApp.app */ = {isa = PBXFileReference; explicitFileType = wrapper.application; includeInIndex = 0; path = CargoApp.app; sourceTree = BUILT_PRODUCTS_DIR; };
		325A4B3F2A4DB2A80047C1DA /* AppDelegate.swift */ = {isa = PBXFileReference; lastKnownFileType = sourcecode.swift; path = AppDelegate.swift; sourceTree = "<group>"; };
		325A4B412A4DB2A80047C1DA /* SceneDelegate.swift */ = {isa = PBXFileReference; lastKnownFileType = sourcecode.swift; path = SceneDelegate.swift; sourceTree = "<group>"; };
		325A4B482A4DB2A90047C1DA /* Assets.xcassets */ = {isa = PBXFileReference; lastKnownFileType = folder.assetcatalog; path = Assets.xcassets; sourceTree = "<group>"; };
		325A4B4D2A4DB2A90047C1DA /* Info.plist */ = {isa = PBXFileReference; lastKnownFileType = text.plist.xml; path = Info.plist; sourceTree = "<group>"; };
		328A9E362A4DB6ED007AE4DE /* MainTabBarController.swift */ = {isa = PBXFileReference; lastKnownFileType = sourcecode.swift; path = MainTabBarController.swift; sourceTree = "<group>"; };
		328A9E392A4DB8CC007AE4DE /* RegistrationViewController.swift */ = {isa = PBXFileReference; lastKnownFileType = sourcecode.swift; path = RegistrationViewController.swift; sourceTree = "<group>"; };
		328A9E3B2A4DB8D6007AE4DE /* RegistrationPresenter.swift */ = {isa = PBXFileReference; lastKnownFileType = sourcecode.swift; path = RegistrationPresenter.swift; sourceTree = "<group>"; };
		328A9E3D2A4DB8DE007AE4DE /* RegistrationInteractor.swift */ = {isa = PBXFileReference; lastKnownFileType = sourcecode.swift; path = RegistrationInteractor.swift; sourceTree = "<group>"; };
		328A9E3F2A4DB8E4007AE4DE /* RegistrationModuleBuilder.swift */ = {isa = PBXFileReference; lastKnownFileType = sourcecode.swift; path = RegistrationModuleBuilder.swift; sourceTree = "<group>"; };
		328A9E412A4DB8E9007AE4DE /* RegistrationRouter.swift */ = {isa = PBXFileReference; lastKnownFileType = sourcecode.swift; path = RegistrationRouter.swift; sourceTree = "<group>"; };
		328A9E432A4DB8EE007AE4DE /* RegistrationProtocols.swift */ = {isa = PBXFileReference; lastKnownFileType = sourcecode.swift; path = RegistrationProtocols.swift; sourceTree = "<group>"; };
		B1B3E370A64E98E02C473D3C /* Pods-CargoApp.debug.xcconfig */ = {isa = PBXFileReference; includeInIndex = 1; lastKnownFileType = text.xcconfig; name = "Pods-CargoApp.debug.xcconfig"; path = "Target Support Files/Pods-CargoApp/Pods-CargoApp.debug.xcconfig"; sourceTree = "<group>"; };
		C34CBB8F8F2A6B3A52BB48EE /* Pods_CargoApp.framework */ = {isa = PBXFileReference; explicitFileType = wrapper.framework; includeInIndex = 0; path = Pods_CargoApp.framework; sourceTree = BUILT_PRODUCTS_DIR; };
/* End PBXFileReference section */

/* Begin PBXFrameworksBuildPhase section */
		325A4B392A4DB2A80047C1DA /* Frameworks */ = {
			isa = PBXFrameworksBuildPhase;
			buildActionMask = 2147483647;
			files = (
				54CD706BF877B1F27A2B4C1F /* Pods_CargoApp.framework in Frameworks */,
			);
			runOnlyForDeploymentPostprocessing = 0;
		};
/* End PBXFrameworksBuildPhase section */

/* Begin PBXGroup section */
		2520A8026624B226F34AE82B /* Frameworks */ = {
			isa = PBXGroup;
			children = (
				C34CBB8F8F2A6B3A52BB48EE /* Pods_CargoApp.framework */,
			);
			name = Frameworks;
			sourceTree = "<group>";
		};
		325A4B332A4DB2A80047C1DA = {
			isa = PBXGroup;
			children = (
				325A4B3E2A4DB2A80047C1DA /* CargoApp */,
				325A4B3D2A4DB2A80047C1DA /* Products */,
				943262ACBDA2081021A5567D /* Pods */,
				2520A8026624B226F34AE82B /* Frameworks */,
			);
			sourceTree = "<group>";
		};
		325A4B3D2A4DB2A80047C1DA /* Products */ = {
			isa = PBXGroup;
			children = (
				325A4B3C2A4DB2A80047C1DA /* CargoApp.app */,
			);
			name = Products;
			sourceTree = "<group>";
		};
		325A4B3E2A4DB2A80047C1DA /* CargoApp */ = {
			isa = PBXGroup;
			children = (
				328A9E342A4DB698007AE4DE /* Application */,
				328A9E332A4DB682007AE4DE /* Resources */,
				328A9E322A4DB678007AE4DE /* Modules */,
			);
			path = CargoApp;
			sourceTree = "<group>";
		};
		328A9E322A4DB678007AE4DE /* Modules */ = {
			isa = PBXGroup;
			children = (
				328A9E382A4DB8C2007AE4DE /* Registration */,
				328A9E352A4DB6D6007AE4DE /* Tab Bar */,
			);
			path = Modules;
			sourceTree = "<group>";
		};
		328A9E332A4DB682007AE4DE /* Resources */ = {
			isa = PBXGroup;
			children = (
				325A4B482A4DB2A90047C1DA /* Assets.xcassets */,
			);
			path = Resources;
			sourceTree = "<group>";
		};
		328A9E342A4DB698007AE4DE /* Application */ = {
			isa = PBXGroup;
			children = (
				325A4B3F2A4DB2A80047C1DA /* AppDelegate.swift */,
				325A4B412A4DB2A80047C1DA /* SceneDelegate.swift */,
				325A4B4D2A4DB2A90047C1DA /* Info.plist */,
			);
			path = Application;
			sourceTree = "<group>";
		};
		328A9E352A4DB6D6007AE4DE /* Tab Bar */ = {
			isa = PBXGroup;
			children = (
				328A9E362A4DB6ED007AE4DE /* MainTabBarController.swift */,
			);
			path = "Tab Bar";
			sourceTree = "<group>";
		};
		328A9E382A4DB8C2007AE4DE /* Registration */ = {
			isa = PBXGroup;
			children = (
				328A9E392A4DB8CC007AE4DE /* RegistrationViewController.swift */,
				328A9E3B2A4DB8D6007AE4DE /* RegistrationPresenter.swift */,
				328A9E3D2A4DB8DE007AE4DE /* RegistrationInteractor.swift */,
				328A9E3F2A4DB8E4007AE4DE /* RegistrationModuleBuilder.swift */,
				328A9E412A4DB8E9007AE4DE /* RegistrationRouter.swift */,
				328A9E432A4DB8EE007AE4DE /* RegistrationProtocols.swift */,
			);
			path = Registration;
			sourceTree = "<group>";
		};
		943262ACBDA2081021A5567D /* Pods */ = {
			isa = PBXGroup;
			children = (
				B1B3E370A64E98E02C473D3C /* Pods-CargoApp.debug.xcconfig */,
				1809D5ADCE95DDDFBF24475C /* Pods-CargoApp.release.xcconfig */,
			);
			path = Pods;
			sourceTree = "<group>";
		};
/* End PBXGroup section */

/* Begin PBXNativeTarget section */
		325A4B3B2A4DB2A80047C1DA /* CargoApp */ = {
			isa = PBXNativeTarget;
			buildConfigurationList = 325A4B502A4DB2A90047C1DA /* Build configuration list for PBXNativeTarget "CargoApp" */;
			buildPhases = (
				8AA1D4EFF53A9221241EAD4B /* [CP] Check Pods Manifest.lock */,
				325A4B382A4DB2A80047C1DA /* Sources */,
				325A4B392A4DB2A80047C1DA /* Frameworks */,
				325A4B3A2A4DB2A80047C1DA /* Resources */,
				C2AE40EA6F9C4E062DD94EA0 /* [CP] Embed Pods Frameworks */,
			);
			buildRules = (
			);
			dependencies = (
			);
			name = CargoApp;
			productName = CargoApp;
			productReference = 325A4B3C2A4DB2A80047C1DA /* CargoApp.app */;
			productType = "com.apple.product-type.application";
		};
/* End PBXNativeTarget section */

/* Begin PBXProject section */
		325A4B342A4DB2A80047C1DA /* Project object */ = {
			isa = PBXProject;
			attributes = {
				BuildIndependentTargetsInParallel = 1;
				LastSwiftUpdateCheck = 1430;
				LastUpgradeCheck = 1430;
				TargetAttributes = {
					325A4B3B2A4DB2A80047C1DA = {
						CreatedOnToolsVersion = 14.3.1;
					};
				};
			};
			buildConfigurationList = 325A4B372A4DB2A80047C1DA /* Build configuration list for PBXProject "CargoApp" */;
			compatibilityVersion = "Xcode 14.0";
			developmentRegion = en;
			hasScannedForEncodings = 0;
			knownRegions = (
				en,
				Base,
			);
			mainGroup = 325A4B332A4DB2A80047C1DA;
			productRefGroup = 325A4B3D2A4DB2A80047C1DA /* Products */;
			projectDirPath = "";
			projectRoot = "";
			targets = (
				325A4B3B2A4DB2A80047C1DA /* CargoApp */,
			);
		};
/* End PBXProject section */

/* Begin PBXResourcesBuildPhase section */
		325A4B3A2A4DB2A80047C1DA /* Resources */ = {
			isa = PBXResourcesBuildPhase;
			buildActionMask = 2147483647;
			files = (
				325A4B492A4DB2A90047C1DA /* Assets.xcassets in Resources */,
			);
			runOnlyForDeploymentPostprocessing = 0;
		};
/* End PBXResourcesBuildPhase section */

/* Begin PBXShellScriptBuildPhase section */
		8AA1D4EFF53A9221241EAD4B /* [CP] Check Pods Manifest.lock */ = {
			isa = PBXShellScriptBuildPhase;
			buildActionMask = 2147483647;
			files = (
			);
			inputFileListPaths = (
			);
			inputPaths = (
				"${PODS_PODFILE_DIR_PATH}/Podfile.lock",
				"${PODS_ROOT}/Manifest.lock",
			);
			name = "[CP] Check Pods Manifest.lock";
			outputFileListPaths = (
			);
			outputPaths = (
				"$(DERIVED_FILE_DIR)/Pods-CargoApp-checkManifestLockResult.txt",
			);
			runOnlyForDeploymentPostprocessing = 0;
			shellPath = /bin/sh;
			shellScript = "diff \"${PODS_PODFILE_DIR_PATH}/Podfile.lock\" \"${PODS_ROOT}/Manifest.lock\" > /dev/null\nif [ $? != 0 ] ; then\n    # print error to STDERR\n    echo \"error: The sandbox is not in sync with the Podfile.lock. Run 'pod install' or update your CocoaPods installation.\" >&2\n    exit 1\nfi\n# This output is used by Xcode 'outputs' to avoid re-running this script phase.\necho \"SUCCESS\" > \"${SCRIPT_OUTPUT_FILE_0}\"\n";
			showEnvVarsInLog = 0;
		};
		C2AE40EA6F9C4E062DD94EA0 /* [CP] Embed Pods Frameworks */ = {
			isa = PBXShellScriptBuildPhase;
			buildActionMask = 2147483647;
			files = (
			);
			inputFileListPaths = (
				"${PODS_ROOT}/Target Support Files/Pods-CargoApp/Pods-CargoApp-frameworks-${CONFIGURATION}-input-files.xcfilelist",
			);
			name = "[CP] Embed Pods Frameworks";
			outputFileListPaths = (
				"${PODS_ROOT}/Target Support Files/Pods-CargoApp/Pods-CargoApp-frameworks-${CONFIGURATION}-output-files.xcfilelist",
			);
			runOnlyForDeploymentPostprocessing = 0;
			shellPath = /bin/sh;
			shellScript = "\"${PODS_ROOT}/Target Support Files/Pods-CargoApp/Pods-CargoApp-frameworks.sh\"\n";
			showEnvVarsInLog = 0;
		};
/* End PBXShellScriptBuildPhase section */

/* Begin PBXSourcesBuildPhase section */
		325A4B382A4DB2A80047C1DA /* Sources */ = {
			isa = PBXSourcesBuildPhase;
			buildActionMask = 2147483647;
			files = (
				328A9E442A4DB8EE007AE4DE /* RegistrationProtocols.swift in Sources */,
				328A9E372A4DB6ED007AE4DE /* MainTabBarController.swift in Sources */,
				328A9E3C2A4DB8D6007AE4DE /* RegistrationPresenter.swift in Sources */,
				325A4B402A4DB2A80047C1DA /* AppDelegate.swift in Sources */,
				328A9E3E2A4DB8DE007AE4DE /* RegistrationInteractor.swift in Sources */,
				328A9E3A2A4DB8CC007AE4DE /* RegistrationViewController.swift in Sources */,
				328A9E402A4DB8E4007AE4DE /* RegistrationModuleBuilder.swift in Sources */,
				325A4B422A4DB2A80047C1DA /* SceneDelegate.swift in Sources */,
				328A9E422A4DB8E9007AE4DE /* RegistrationRouter.swift in Sources */,
			);
			runOnlyForDeploymentPostprocessing = 0;
		};
/* End PBXSourcesBuildPhase section */

/* Begin XCBuildConfiguration section */
		325A4B4E2A4DB2A90047C1DA /* Debug */ = {
			isa = XCBuildConfiguration;
			buildSettings = {
				ALWAYS_SEARCH_USER_PATHS = NO;
				CLANG_ANALYZER_NONNULL = YES;
				CLANG_ANALYZER_NUMBER_OBJECT_CONVERSION = YES_AGGRESSIVE;
				CLANG_CXX_LANGUAGE_STANDARD = "gnu++20";
				CLANG_ENABLE_MODULES = YES;
				CLANG_ENABLE_OBJC_ARC = YES;
				CLANG_ENABLE_OBJC_WEAK = YES;
				CLANG_WARN_BLOCK_CAPTURE_AUTORELEASING = YES;
				CLANG_WARN_BOOL_CONVERSION = YES;
				CLANG_WARN_COMMA = YES;
				CLANG_WARN_CONSTANT_CONVERSION = YES;
				CLANG_WARN_DEPRECATED_OBJC_IMPLEMENTATIONS = YES;
				CLANG_WARN_DIRECT_OBJC_ISA_USAGE = YES_ERROR;
				CLANG_WARN_DOCUMENTATION_COMMENTS = YES;
				CLANG_WARN_EMPTY_BODY = YES;
				CLANG_WARN_ENUM_CONVERSION = YES;
				CLANG_WARN_INFINITE_RECURSION = YES;
				CLANG_WARN_INT_CONVERSION = YES;
				CLANG_WARN_NON_LITERAL_NULL_CONVERSION = YES;
				CLANG_WARN_OBJC_IMPLICIT_RETAIN_SELF = YES;
				CLANG_WARN_OBJC_LITERAL_CONVERSION = YES;
				CLANG_WARN_OBJC_ROOT_CLASS = YES_ERROR;
				CLANG_WARN_QUOTED_INCLUDE_IN_FRAMEWORK_HEADER = YES;
				CLANG_WARN_RANGE_LOOP_ANALYSIS = YES;
				CLANG_WARN_STRICT_PROTOTYPES = YES;
				CLANG_WARN_SUSPICIOUS_MOVE = YES;
				CLANG_WARN_UNGUARDED_AVAILABILITY = YES_AGGRESSIVE;
				CLANG_WARN_UNREACHABLE_CODE = YES;
				CLANG_WARN__DUPLICATE_METHOD_MATCH = YES;
				COPY_PHASE_STRIP = NO;
				DEBUG_INFORMATION_FORMAT = dwarf;
				ENABLE_STRICT_OBJC_MSGSEND = YES;
				ENABLE_TESTABILITY = YES;
				GCC_C_LANGUAGE_STANDARD = gnu11;
				GCC_DYNAMIC_NO_PIC = NO;
				GCC_NO_COMMON_BLOCKS = YES;
				GCC_OPTIMIZATION_LEVEL = 0;
				GCC_PREPROCESSOR_DEFINITIONS = (
					"DEBUG=1",
					"$(inherited)",
				);
				GCC_WARN_64_TO_32_BIT_CONVERSION = YES;
				GCC_WARN_ABOUT_RETURN_TYPE = YES_ERROR;
				GCC_WARN_UNDECLARED_SELECTOR = YES;
				GCC_WARN_UNINITIALIZED_AUTOS = YES_AGGRESSIVE;
				GCC_WARN_UNUSED_FUNCTION = YES;
				GCC_WARN_UNUSED_VARIABLE = YES;
				IPHONEOS_DEPLOYMENT_TARGET = 16.4;
				MTL_ENABLE_DEBUG_INFO = INCLUDE_SOURCE;
				MTL_FAST_MATH = YES;
				ONLY_ACTIVE_ARCH = YES;
				SDKROOT = iphoneos;
				SWIFT_ACTIVE_COMPILATION_CONDITIONS = DEBUG;
				SWIFT_OPTIMIZATION_LEVEL = "-Onone";
			};
			name = Debug;
		};
		325A4B4F2A4DB2A90047C1DA /* Release */ = {
			isa = XCBuildConfiguration;
			buildSettings = {
				ALWAYS_SEARCH_USER_PATHS = NO;
				CLANG_ANALYZER_NONNULL = YES;
				CLANG_ANALYZER_NUMBER_OBJECT_CONVERSION = YES_AGGRESSIVE;
				CLANG_CXX_LANGUAGE_STANDARD = "gnu++20";
				CLANG_ENABLE_MODULES = YES;
				CLANG_ENABLE_OBJC_ARC = YES;
				CLANG_ENABLE_OBJC_WEAK = YES;
				CLANG_WARN_BLOCK_CAPTURE_AUTORELEASING = YES;
				CLANG_WARN_BOOL_CONVERSION = YES;
				CLANG_WARN_COMMA = YES;
				CLANG_WARN_CONSTANT_CONVERSION = YES;
				CLANG_WARN_DEPRECATED_OBJC_IMPLEMENTATIONS = YES;
				CLANG_WARN_DIRECT_OBJC_ISA_USAGE = YES_ERROR;
				CLANG_WARN_DOCUMENTATION_COMMENTS = YES;
				CLANG_WARN_EMPTY_BODY = YES;
				CLANG_WARN_ENUM_CONVERSION = YES;
				CLANG_WARN_INFINITE_RECURSION = YES;
				CLANG_WARN_INT_CONVERSION = YES;
				CLANG_WARN_NON_LITERAL_NULL_CONVERSION = YES;
				CLANG_WARN_OBJC_IMPLICIT_RETAIN_SELF = YES;
				CLANG_WARN_OBJC_LITERAL_CONVERSION = YES;
				CLANG_WARN_OBJC_ROOT_CLASS = YES_ERROR;
				CLANG_WARN_QUOTED_INCLUDE_IN_FRAMEWORK_HEADER = YES;
				CLANG_WARN_RANGE_LOOP_ANALYSIS = YES;
				CLANG_WARN_STRICT_PROTOTYPES = YES;
				CLANG_WARN_SUSPICIOUS_MOVE = YES;
				CLANG_WARN_UNGUARDED_AVAILABILITY = YES_AGGRESSIVE;
				CLANG_WARN_UNREACHABLE_CODE = YES;
				CLANG_WARN__DUPLICATE_METHOD_MATCH = YES;
				COPY_PHASE_STRIP = NO;
				DEBUG_INFORMATION_FORMAT = "dwarf-with-dsym";
				ENABLE_NS_ASSERTIONS = NO;
				ENABLE_STRICT_OBJC_MSGSEND = YES;
				GCC_C_LANGUAGE_STANDARD = gnu11;
				GCC_NO_COMMON_BLOCKS = YES;
				GCC_WARN_64_TO_32_BIT_CONVERSION = YES;
				GCC_WARN_ABOUT_RETURN_TYPE = YES_ERROR;
				GCC_WARN_UNDECLARED_SELECTOR = YES;
				GCC_WARN_UNINITIALIZED_AUTOS = YES_AGGRESSIVE;
				GCC_WARN_UNUSED_FUNCTION = YES;
				GCC_WARN_UNUSED_VARIABLE = YES;
				IPHONEOS_DEPLOYMENT_TARGET = 16.4;
				MTL_ENABLE_DEBUG_INFO = NO;
				MTL_FAST_MATH = YES;
				SDKROOT = iphoneos;
				SWIFT_COMPILATION_MODE = wholemodule;
				SWIFT_OPTIMIZATION_LEVEL = "-O";
				VALIDATE_PRODUCT = YES;
			};
			name = Release;
		};
		325A4B512A4DB2A90047C1DA /* Debug */ = {
			isa = XCBuildConfiguration;
			baseConfigurationReference = B1B3E370A64E98E02C473D3C /* Pods-CargoApp.debug.xcconfig */;
			buildSettings = {
				ASSETCATALOG_COMPILER_APPICON_NAME = AppIcon;
				ASSETCATALOG_COMPILER_GLOBAL_ACCENT_COLOR_NAME = AccentColor;
				CODE_SIGN_STYLE = Automatic;
				CURRENT_PROJECT_VERSION = 1;
				DEVELOPMENT_TEAM = 962338348U;
				GENERATE_INFOPLIST_FILE = YES;
				INFOPLIST_FILE = CargoApp/Application/Info.plist;
				INFOPLIST_KEY_UIApplicationSupportsIndirectInputEvents = YES;
				INFOPLIST_KEY_UILaunchStoryboardName = LaunchScreen;
				INFOPLIST_KEY_UISupportedInterfaceOrientations_iPad = "UIInterfaceOrientationPortrait UIInterfaceOrientationPortraitUpsideDown UIInterfaceOrientationLandscapeLeft UIInterfaceOrientationLandscapeRight";
				INFOPLIST_KEY_UISupportedInterfaceOrientations_iPhone = "UIInterfaceOrientationPortrait UIInterfaceOrientationLandscapeLeft UIInterfaceOrientationLandscapeRight";
				LD_RUNPATH_SEARCH_PATHS = (
					"$(inherited)",
					"@executable_path/Frameworks",
				);
				MARKETING_VERSION = 1.0;
				PRODUCT_BUNDLE_IDENTIFIER = com.iskhak.CargoApp;
				PRODUCT_NAME = "$(TARGET_NAME)";
				SWIFT_EMIT_LOC_STRINGS = YES;
				SWIFT_VERSION = 5.0;
				TARGETED_DEVICE_FAMILY = "1,2";
			};
			name = Debug;
		};
		325A4B522A4DB2A90047C1DA /* Release */ = {
			isa = XCBuildConfiguration;
			baseConfigurationReference = 1809D5ADCE95DDDFBF24475C /* Pods-CargoApp.release.xcconfig */;
			buildSettings = {
				ASSETCATALOG_COMPILER_APPICON_NAME = AppIcon;
				ASSETCATALOG_COMPILER_GLOBAL_ACCENT_COLOR_NAME = AccentColor;
				CODE_SIGN_STYLE = Automatic;
				CURRENT_PROJECT_VERSION = 1;
				DEVELOPMENT_TEAM = 962338348U;
				GENERATE_INFOPLIST_FILE = YES;
				INFOPLIST_FILE = CargoApp/Application/Info.plist;
				INFOPLIST_KEY_UIApplicationSupportsIndirectInputEvents = YES;
				INFOPLIST_KEY_UILaunchStoryboardName = LaunchScreen;
				INFOPLIST_KEY_UISupportedInterfaceOrientations_iPad = "UIInterfaceOrientationPortrait UIInterfaceOrientationPortraitUpsideDown UIInterfaceOrientationLandscapeLeft UIInterfaceOrientationLandscapeRight";
				INFOPLIST_KEY_UISupportedInterfaceOrientations_iPhone = "UIInterfaceOrientationPortrait UIInterfaceOrientationLandscapeLeft UIInterfaceOrientationLandscapeRight";
				LD_RUNPATH_SEARCH_PATHS = (
					"$(inherited)",
					"@executable_path/Frameworks",
				);
				MARKETING_VERSION = 1.0;
				PRODUCT_BUNDLE_IDENTIFIER = com.iskhak.CargoApp;
				PRODUCT_NAME = "$(TARGET_NAME)";
				SWIFT_EMIT_LOC_STRINGS = YES;
				SWIFT_VERSION = 5.0;
				TARGETED_DEVICE_FAMILY = "1,2";
			};
			name = Release;
		};
/* End XCBuildConfiguration section */

/* Begin XCConfigurationList section */
		325A4B372A4DB2A80047C1DA /* Build configuration list for PBXProject "CargoApp" */ = {
			isa = XCConfigurationList;
			buildConfigurations = (
				325A4B4E2A4DB2A90047C1DA /* Debug */,
				325A4B4F2A4DB2A90047C1DA /* Release */,
			);
			defaultConfigurationIsVisible = 0;
			defaultConfigurationName = Release;
		};
		325A4B502A4DB2A90047C1DA /* Build configuration list for PBXNativeTarget "CargoApp" */ = {
			isa = XCConfigurationList;
			buildConfigurations = (
				325A4B512A4DB2A90047C1DA /* Debug */,
				325A4B522A4DB2A90047C1DA /* Release */,
			);
			defaultConfigurationIsVisible = 0;
			defaultConfigurationName = Release;
		};
/* End XCConfigurationList section */
	};
	rootObject = 325A4B342A4DB2A80047C1DA /* Project object */;
}
